
Microsoft Visual Studio Solution File, Format Version 12.00
# Visual Studio Version 17
VisualStudioVersion = 17.0.32014.148
MinimumVisualStudioVersion = 10.0.40219.1
Project("{2150E333-8FDC-42A3-9474-1A3956D46DE8}") = "src", "src", "{CA22A667-0A6B-4EB8-9271-B2BDF448EF47}"
EndProject
Project("{2150E333-8FDC-42A3-9474-1A3956D46DE8}") = "tests", "tests", "{2A7DA62A-D79F-42AF-921C-4B97634F9027}"
EndProject
Project("{9A19103F-16F7-4668-BE54-9A1E7A4F7556}") = "Domain", "src\Domain\Domain.csproj", "{4AA42E0F-0401-4F51-B1F2-A5420CE3D07B}"
EndProject
Project("{9A19103F-16F7-4668-BE54-9A1E7A4F7556}") = "Domain.Tests", "tests\Domain.Tests\Domain.Tests.csproj", "{99B0D77D-9649-4AB1-BA5C-BABD6C751FE6}"
EndProject
Project("{FAE04EC0-301F-11D3-BF4B-00C04F79EFBC}") = "Application", "src\Application\Application.csproj", "{2422D2B9-3772-4A43-A477-37520F0D024F}"
EndProject
Project("{FAE04EC0-301F-11D3-BF4B-00C04F79EFBC}") = "Application.Tests", "tests\Application.Tests\Application.Tests.csproj", "{70A138E4-5CE4-4FCE-AC3D-7D19CD2C44F6}"
EndProject
Global
	GlobalSection(SolutionConfigurationPlatforms) = preSolution
		Debug|Any CPU = Debug|Any CPU
		Release|Any CPU = Release|Any CPU
	EndGlobalSection
	GlobalSection(ProjectConfigurationPlatforms) = postSolution
		{4AA42E0F-0401-4F51-B1F2-A5420CE3D07B}.Debug|Any CPU.ActiveCfg = Debug|Any CPU
		{4AA42E0F-0401-4F51-B1F2-A5420CE3D07B}.Debug|Any CPU.Build.0 = Debug|Any CPU
		{4AA42E0F-0401-4F51-B1F2-A5420CE3D07B}.Release|Any CPU.ActiveCfg = Release|Any CPU
		{4AA42E0F-0401-4F51-B1F2-A5420CE3D07B}.Release|Any CPU.Build.0 = Release|Any CPU
		{99B0D77D-9649-4AB1-BA5C-BABD6C751FE6}.Debug|Any CPU.ActiveCfg = Debug|Any CPU
		{99B0D77D-9649-4AB1-BA5C-BABD6C751FE6}.Debug|Any CPU.Build.0 = Debug|Any CPU
		{99B0D77D-9649-4AB1-BA5C-BABD6C751FE6}.Release|Any CPU.ActiveCfg = Release|Any CPU
		{99B0D77D-9649-4AB1-BA5C-BABD6C751FE6}.Release|Any CPU.Build.0 = Release|Any CPU
		{2422D2B9-3772-4A43-A477-37520F0D024F}.Debug|Any CPU.ActiveCfg = Debug|Any CPU
		{2422D2B9-3772-4A43-A477-37520F0D024F}.Debug|Any CPU.Build.0 = Debug|Any CPU
		{2422D2B9-3772-4A43-A477-37520F0D024F}.Release|Any CPU.ActiveCfg = Release|Any CPU
		{2422D2B9-3772-4A43-A477-37520F0D024F}.Release|Any CPU.Build.0 = Release|Any CPU
		{70A138E4-5CE4-4FCE-AC3D-7D19CD2C44F6}.Debug|Any CPU.ActiveCfg = Debug|Any CPU
		{70A138E4-5CE4-4FCE-AC3D-7D19CD2C44F6}.Debug|Any CPU.Build.0 = Debug|Any CPU
		{70A138E4-5CE4-4FCE-AC3D-7D19CD2C44F6}.Release|Any CPU.ActiveCfg = Release|Any CPU
		{70A138E4-5CE4-4FCE-AC3D-7D19CD2C44F6}.Release|Any CPU.Build.0 = Release|Any CPU
	EndGlobalSection
	GlobalSection(SolutionProperties) = preSolution
		HideSolutionNode = FALSE
	EndGlobalSection
	GlobalSection(NestedProjects) = preSolution
		{4AA42E0F-0401-4F51-B1F2-A5420CE3D07B} = {CA22A667-0A6B-4EB8-9271-B2BDF448EF47}
		{99B0D77D-9649-4AB1-BA5C-BABD6C751FE6} = {2A7DA62A-D79F-42AF-921C-4B97634F9027}
		{2422D2B9-3772-4A43-A477-37520F0D024F} = {CA22A667-0A6B-4EB8-9271-B2BDF448EF47}
		{70A138E4-5CE4-4FCE-AC3D-7D19CD2C44F6} = {2A7DA62A-D79F-42AF-921C-4B97634F9027}
	EndGlobalSection
	GlobalSection(ExtensibilityGlobals) = postSolution
		SolutionGuid = {AED3C754-B473-49C6-A4ED-15DB159F727C}
	EndGlobalSection
EndGlobal
